// !$*UTF8*$!
{
	archiveVersion = 1;
	classes = {
	};
	objectVersion = 56;
	objects = {

/* Begin PBXBuildFile section */
		786E27292BACA58600F73394 /* AppDelegate.swift in Sources */ = {isa = PBXBuildFile; fileRef = 786E27282BACA58600F73394 /* AppDelegate.swift */; };
		786E272B2BACA58600F73394 /* GameScene.sks in Resources */ = {isa = PBXBuildFile; fileRef = 786E272A2BACA58600F73394 /* GameScene.sks */; };
		786E272F2BACA58600F73394 /* GameScene.swift in Sources */ = {isa = PBXBuildFile; fileRef = 786E272E2BACA58600F73394 /* GameScene.swift */; };
		786E27312BACA58600F73394 /* GameViewController.swift in Sources */ = {isa = PBXBuildFile; fileRef = 786E27302BACA58600F73394 /* GameViewController.swift */; };
		786E27342BACA58600F73394 /* Base in Resources */ = {isa = PBXBuildFile; fileRef = 786E27332BACA58600F73394 /* Base */; };
		786E27362BACA58700F73394 /* Assets.xcassets in Resources */ = {isa = PBXBuildFile; fileRef = 786E27352BACA58700F73394 /* Assets.xcassets */; };
		786E27392BACA58700F73394 /* Base in Resources */ = {isa = PBXBuildFile; fileRef = 786E27382BACA58700F73394 /* Base */; };
		786E27422BACA6B400F73394 /* TruckNode.swift in Sources */ = {isa = PBXBuildFile; fileRef = 786E27412BACA6B400F73394 /* TruckNode.swift */; };
		786E27442BACBE5F00F73394 /* LandslideNode.swift in Sources */ = {isa = PBXBuildFile; fileRef = 786E27432BACBE5F00F73394 /* LandslideNode.swift */; };
		786E27462BACF5E600F73394 /* PhysicsCategory.swift in Sources */ = {isa = PBXBuildFile; fileRef = 786E27452BACF5E600F73394 /* PhysicsCategory.swift */; };
		786E274D2BADBA9500F73394 /* RestartButtonNode.swift in Sources */ = {isa = PBXBuildFile; fileRef = 786E274C2BADBA9500F73394 /* RestartButtonNode.swift */; };
		786E27512BAE13A100F73394 /* HoleNode.swift in Sources */ = {isa = PBXBuildFile; fileRef = 786E27502BAE13A100F73394 /* HoleNode.swift */; };
		78FC159E2BB342D700798BC5 /* LandslideDirection.swift in Sources */ = {isa = PBXBuildFile; fileRef = 78FC159D2BB342D700798BC5 /* LandslideDirection.swift */; };
		78FC15A02BB3484700798BC5 /* ObstacleNode.swift in Sources */ = {isa = PBXBuildFile; fileRef = 78FC159F2BB3484700798BC5 /* ObstacleNode.swift */; };
		78FE4BC72BB1B40B001B84F6 /* ObstacleFactory.swift in Sources */ = {isa = PBXBuildFile; fileRef = 78FE4BC62BB1B40B001B84F6 /* ObstacleFactory.swift */; };
		78FE4BC92BB1EA6F001B84F6 /* BlockNode.swift in Sources */ = {isa = PBXBuildFile; fileRef = 78FE4BC82BB1EA6F001B84F6 /* BlockNode.swift */; };
/* End PBXBuildFile section */

/* Begin PBXFileReference section */
		786E27252BACA58600F73394 /* snowTruck.app */ = {isa = PBXFileReference; explicitFileType = wrapper.application; includeInIndex = 0; path = snowTruck.app; sourceTree = BUILT_PRODUCTS_DIR; };
		786E27282BACA58600F73394 /* AppDelegate.swift */ = {isa = PBXFileReference; lastKnownFileType = sourcecode.swift; path = AppDelegate.swift; sourceTree = "<group>"; };
		786E272A2BACA58600F73394 /* GameScene.sks */ = {isa = PBXFileReference; lastKnownFileType = file.sks; path = GameScene.sks; sourceTree = "<group>"; };
		786E272E2BACA58600F73394 /* GameScene.swift */ = {isa = PBXFileReference; lastKnownFileType = sourcecode.swift; path = GameScene.swift; sourceTree = "<group>"; };
		786E27302BACA58600F73394 /* GameViewController.swift */ = {isa = PBXFileReference; lastKnownFileType = sourcecode.swift; path = GameViewController.swift; sourceTree = "<group>"; };
		786E27332BACA58600F73394 /* Base */ = {isa = PBXFileReference; lastKnownFileType = file.storyboard; name = Base; path = Base.lproj/Main.storyboard; sourceTree = "<group>"; };
		786E27352BACA58700F73394 /* Assets.xcassets */ = {isa = PBXFileReference; lastKnownFileType = folder.assetcatalog; path = Assets.xcassets; sourceTree = "<group>"; };
		786E27382BACA58700F73394 /* Base */ = {isa = PBXFileReference; lastKnownFileType = file.storyboard; name = Base; path = Base.lproj/LaunchScreen.storyboard; sourceTree = "<group>"; };
		786E27412BACA6B400F73394 /* TruckNode.swift */ = {isa = PBXFileReference; lastKnownFileType = sourcecode.swift; path = TruckNode.swift; sourceTree = "<group>"; };
		786E27432BACBE5F00F73394 /* LandslideNode.swift */ = {isa = PBXFileReference; lastKnownFileType = sourcecode.swift; path = LandslideNode.swift; sourceTree = "<group>"; };
		786E27452BACF5E600F73394 /* PhysicsCategory.swift */ = {isa = PBXFileReference; lastKnownFileType = sourcecode.swift; path = PhysicsCategory.swift; sourceTree = "<group>"; };
		786E274C2BADBA9500F73394 /* RestartButtonNode.swift */ = {isa = PBXFileReference; lastKnownFileType = sourcecode.swift; path = RestartButtonNode.swift; sourceTree = "<group>"; };
		786E27502BAE13A100F73394 /* HoleNode.swift */ = {isa = PBXFileReference; lastKnownFileType = sourcecode.swift; path = HoleNode.swift; sourceTree = "<group>"; };
		78FC159D2BB342D700798BC5 /* LandslideDirection.swift */ = {isa = PBXFileReference; lastKnownFileType = sourcecode.swift; path = LandslideDirection.swift; sourceTree = "<group>"; };
		78FC159F2BB3484700798BC5 /* ObstacleNode.swift */ = {isa = PBXFileReference; lastKnownFileType = sourcecode.swift; path = ObstacleNode.swift; sourceTree = "<group>"; };
		78FE4BC62BB1B40B001B84F6 /* ObstacleFactory.swift */ = {isa = PBXFileReference; lastKnownFileType = sourcecode.swift; path = ObstacleFactory.swift; sourceTree = "<group>"; };
		78FE4BC82BB1EA6F001B84F6 /* BlockNode.swift */ = {isa = PBXFileReference; lastKnownFileType = sourcecode.swift; path = BlockNode.swift; sourceTree = "<group>"; };
/* End PBXFileReference section */

/* Begin PBXFrameworksBuildPhase section */
		786E27222BACA58600F73394 /* Frameworks */ = {
			isa = PBXFrameworksBuildPhase;
			buildActionMask = 2147483647;
			files = (
			);
			runOnlyForDeploymentPostprocessing = 0;
		};
/* End PBXFrameworksBuildPhase section */

/* Begin PBXGroup section */
		786E271C2BACA58600F73394 = {
			isa = PBXGroup;
			children = (
				786E27272BACA58600F73394 /* snowTruck */,
				786E27262BACA58600F73394 /* Products */,
			);
			sourceTree = "<group>";
		};
		786E27262BACA58600F73394 /* Products */ = {
			isa = PBXGroup;
			children = (
				786E27252BACA58600F73394 /* snowTruck.app */,
			);
			name = Products;
			sourceTree = "<group>";
		};
		786E27272BACA58600F73394 /* snowTruck */ = {
			isa = PBXGroup;
			children = (
				78FC159B2BB33D2300798BC5 /* App */,
				786E27402BACA5F100F73394 /* Model */,
				786E273F2BACA5E800F73394 /* SceneController */,
				78FC159C2BB33D4F00798BC5 /* Scene */,
				786E27352BACA58700F73394 /* Assets.xcassets */,
			);
			path = snowTruck;
			sourceTree = "<group>";
		};
		786E273F2BACA5E800F73394 /* SceneController */ = {
			isa = PBXGroup;
			children = (
				786E272E2BACA58600F73394 /* GameScene.swift */,
			);
			path = SceneController;
			sourceTree = "<group>";
		};
		786E27402BACA5F100F73394 /* Model */ = {
			isa = PBXGroup;
			children = (
				786E27472BACF5EC00F73394 /* Nodes */,
				786E27452BACF5E600F73394 /* PhysicsCategory.swift */,
				78FE4BC62BB1B40B001B84F6 /* ObstacleFactory.swift */,
				78FC159D2BB342D700798BC5 /* LandslideDirection.swift */,
			);
			path = Model;
			sourceTree = "<group>";
		};
		786E27472BACF5EC00F73394 /* Nodes */ = {
			isa = PBXGroup;
			children = (
				786E27412BACA6B400F73394 /* TruckNode.swift */,
				786E27432BACBE5F00F73394 /* LandslideNode.swift */,
				78FC159F2BB3484700798BC5 /* ObstacleNode.swift */,
				78FC15A12BB34E1600798BC5 /* Obstacles */,
				786E274C2BADBA9500F73394 /* RestartButtonNode.swift */,
			);
			path = Nodes;
			sourceTree = "<group>";
		};
		78FC159B2BB33D2300798BC5 /* App */ = {
			isa = PBXGroup;
			children = (
				786E27372BACA58700F73394 /* LaunchScreen.storyboard */,
				786E27322BACA58600F73394 /* Main.storyboard */,
				786E27282BACA58600F73394 /* AppDelegate.swift */,
				786E27302BACA58600F73394 /* GameViewController.swift */,
			);
			path = App;
			sourceTree = "<group>";
		};
		78FC159C2BB33D4F00798BC5 /* Scene */ = {
			isa = PBXGroup;
			children = (
				786E272A2BACA58600F73394 /* GameScene.sks */,
			);
			path = Scene;
			sourceTree = "<group>";
		};
		78FC15A12BB34E1600798BC5 /* Obstacles */ = {
			isa = PBXGroup;
			children = (
				786E27502BAE13A100F73394 /* HoleNode.swift */,
				78FE4BC82BB1EA6F001B84F6 /* BlockNode.swift */,
			);
			path = Obstacles;
			sourceTree = "<group>";
		};
/* End PBXGroup section */

/* Begin PBXNativeTarget section */
		786E27242BACA58600F73394 /* snowTruck */ = {
			isa = PBXNativeTarget;
			buildConfigurationList = 786E273C2BACA58700F73394 /* Build configuration list for PBXNativeTarget "snowTruck" */;
			buildPhases = (
				786E27212BACA58600F73394 /* Sources */,
				786E27222BACA58600F73394 /* Frameworks */,
				786E27232BACA58600F73394 /* Resources */,
			);
			buildRules = (
			);
			dependencies = (
			);
			name = snowTruck;
			productName = snowTruck;
			productReference = 786E27252BACA58600F73394 /* snowTruck.app */;
			productType = "com.apple.product-type.application";
		};
/* End PBXNativeTarget section */

/* Begin PBXProject section */
		786E271D2BACA58600F73394 /* Project object */ = {
			isa = PBXProject;
			attributes = {
				BuildIndependentTargetsInParallel = 1;
				LastSwiftUpdateCheck = 1530;
				LastUpgradeCheck = 1530;
				TargetAttributes = {
					786E27242BACA58600F73394 = {
						CreatedOnToolsVersion = 15.3;
					};
				};
			};
			buildConfigurationList = 786E27202BACA58600F73394 /* Build configuration list for PBXProject "snowTruck" */;
			compatibilityVersion = "Xcode 14.0";
			developmentRegion = en;
			hasScannedForEncodings = 0;
			knownRegions = (
				en,
				Base,
			);
			mainGroup = 786E271C2BACA58600F73394;
			productRefGroup = 786E27262BACA58600F73394 /* Products */;
			projectDirPath = "";
			projectRoot = "";
			targets = (
				786E27242BACA58600F73394 /* snowTruck */,
			);
		};
/* End PBXProject section */

/* Begin PBXResourcesBuildPhase section */
		786E27232BACA58600F73394 /* Resources */ = {
			isa = PBXResourcesBuildPhase;
			buildActionMask = 2147483647;
			files = (
				786E272B2BACA58600F73394 /* GameScene.sks in Resources */,
				786E27342BACA58600F73394 /* Base in Resources */,
				786E27362BACA58700F73394 /* Assets.xcassets in Resources */,
				786E27392BACA58700F73394 /* Base in Resources */,
			);
			runOnlyForDeploymentPostprocessing = 0;
		};
/* End PBXResourcesBuildPhase section */

/* Begin PBXSourcesBuildPhase section */
		786E27212BACA58600F73394 /* Sources */ = {
			isa = PBXSourcesBuildPhase;
			buildActionMask = 2147483647;
			files = (
				786E27442BACBE5F00F73394 /* LandslideNode.swift in Sources */,
				78FE4BC92BB1EA6F001B84F6 /* BlockNode.swift in Sources */,
				78FC159E2BB342D700798BC5 /* LandslideDirection.swift in Sources */,
				786E272F2BACA58600F73394 /* GameScene.swift in Sources */,
				786E27422BACA6B400F73394 /* TruckNode.swift in Sources */,
				786E27462BACF5E600F73394 /* PhysicsCategory.swift in Sources */,
				786E274D2BADBA9500F73394 /* RestartButtonNode.swift in Sources */,
				78FE4BC72BB1B40B001B84F6 /* ObstacleFactory.swift in Sources */,
				78FC15A02BB3484700798BC5 /* ObstacleNode.swift in Sources */,
				786E27312BACA58600F73394 /* GameViewController.swift in Sources */,
				786E27292BACA58600F73394 /* AppDelegate.swift in Sources */,
				786E27512BAE13A100F73394 /* HoleNode.swift in Sources */,
			);
			runOnlyForDeploymentPostprocessing = 0;
		};
/* End PBXSourcesBuildPhase section */

/* Begin PBXVariantGroup section */
		786E27322BACA58600F73394 /* Main.storyboard */ = {
			isa = PBXVariantGroup;
			children = (
				786E27332BACA58600F73394 /* Base */,
			);
			name = Main.storyboard;
			sourceTree = "<group>";
		};
		786E27372BACA58700F73394 /* LaunchScreen.storyboard */ = {
			isa = PBXVariantGroup;
			children = (
				786E27382BACA58700F73394 /* Base */,
			);
			name = LaunchScreen.storyboard;
			sourceTree = "<group>";
		};
/* End PBXVariantGroup section */

/* Begin XCBuildConfiguration section */
		786E273A2BACA58700F73394 /* Debug */ = {
			isa = XCBuildConfiguration;
			buildSettings = {
				ALWAYS_SEARCH_USER_PATHS = NO;
				ASSETCATALOG_COMPILER_GENERATE_SWIFT_ASSET_SYMBOL_EXTENSIONS = YES;
				CLANG_ANALYZER_NONNULL = YES;
				CLANG_ANALYZER_NUMBER_OBJECT_CONVERSION = YES_AGGRESSIVE;
				CLANG_CXX_LANGUAGE_STANDARD = "gnu++20";
				CLANG_ENABLE_MODULES = YES;
				CLANG_ENABLE_OBJC_ARC = YES;
				CLANG_ENABLE_OBJC_WEAK = YES;
				CLANG_WARN_BLOCK_CAPTURE_AUTORELEASING = YES;
				CLANG_WARN_BOOL_CONVERSION = YES;
				CLANG_WARN_COMMA = YES;
				CLANG_WARN_CONSTANT_CONVERSION = YES;
				CLANG_WARN_DEPRECATED_OBJC_IMPLEMENTATIONS = YES;
				CLANG_WARN_DIRECT_OBJC_ISA_USAGE = YES_ERROR;
				CLANG_WARN_DOCUMENTATION_COMMENTS = YES;
				CLANG_WARN_EMPTY_BODY = YES;
				CLANG_WARN_ENUM_CONVERSION = YES;
				CLANG_WARN_INFINITE_RECURSION = YES;
				CLANG_WARN_INT_CONVERSION = YES;
				CLANG_WARN_NON_LITERAL_NULL_CONVERSION = YES;
				CLANG_WARN_OBJC_IMPLICIT_RETAIN_SELF = YES;
				CLANG_WARN_OBJC_LITERAL_CONVERSION = YES;
				CLANG_WARN_OBJC_ROOT_CLASS = YES_ERROR;
				CLANG_WARN_QUOTED_INCLUDE_IN_FRAMEWORK_HEADER = YES;
				CLANG_WARN_RANGE_LOOP_ANALYSIS = YES;
				CLANG_WARN_STRICT_PROTOTYPES = YES;
				CLANG_WARN_SUSPICIOUS_MOVE = YES;
				CLANG_WARN_UNGUARDED_AVAILABILITY = YES_AGGRESSIVE;
				CLANG_WARN_UNREACHABLE_CODE = YES;
				CLANG_WARN__DUPLICATE_METHOD_MATCH = YES;
				COPY_PHASE_STRIP = NO;
				DEBUG_INFORMATION_FORMAT = dwarf;
				ENABLE_STRICT_OBJC_MSGSEND = YES;
				ENABLE_TESTABILITY = YES;
				ENABLE_USER_SCRIPT_SANDBOXING = YES;
				GCC_C_LANGUAGE_STANDARD = gnu17;
				GCC_DYNAMIC_NO_PIC = NO;
				GCC_NO_COMMON_BLOCKS = YES;
				GCC_OPTIMIZATION_LEVEL = 0;
				GCC_PREPROCESSOR_DEFINITIONS = (
					"DEBUG=1",
					"$(inherited)",
				);
				GCC_WARN_64_TO_32_BIT_CONVERSION = YES;
				GCC_WARN_ABOUT_RETURN_TYPE = YES_ERROR;
				GCC_WARN_UNDECLARED_SELECTOR = YES;
				GCC_WARN_UNINITIALIZED_AUTOS = YES_AGGRESSIVE;
				GCC_WARN_UNUSED_FUNCTION = YES;
				GCC_WARN_UNUSED_VARIABLE = YES;
				IPHONEOS_DEPLOYMENT_TARGET = 17.4;
				LOCALIZATION_PREFERS_STRING_CATALOGS = YES;
				MTL_ENABLE_DEBUG_INFO = INCLUDE_SOURCE;
				MTL_FAST_MATH = YES;
				ONLY_ACTIVE_ARCH = YES;
				SDKROOT = iphoneos;
				SWIFT_ACTIVE_COMPILATION_CONDITIONS = "DEBUG $(inherited)";
				SWIFT_OPTIMIZATION_LEVEL = "-Onone";
			};
			name = Debug;
		};
		786E273B2BACA58700F73394 /* Release */ = {
			isa = XCBuildConfiguration;
			buildSettings = {
				ALWAYS_SEARCH_USER_PATHS = NO;
				ASSETCATALOG_COMPILER_GENERATE_SWIFT_ASSET_SYMBOL_EXTENSIONS = YES;
				CLANG_ANALYZER_NONNULL = YES;
				CLANG_ANALYZER_NUMBER_OBJECT_CONVERSION = YES_AGGRESSIVE;
				CLANG_CXX_LANGUAGE_STANDARD = "gnu++20";
				CLANG_ENABLE_MODULES = YES;
				CLANG_ENABLE_OBJC_ARC = YES;
				CLANG_ENABLE_OBJC_WEAK = YES;
				CLANG_WARN_BLOCK_CAPTURE_AUTORELEASING = YES;
				CLANG_WARN_BOOL_CONVERSION = YES;
				CLANG_WARN_COMMA = YES;
				CLANG_WARN_CONSTANT_CONVERSION = YES;
				CLANG_WARN_DEPRECATED_OBJC_IMPLEMENTATIONS = YES;
				CLANG_WARN_DIRECT_OBJC_ISA_USAGE = YES_ERROR;
				CLANG_WARN_DOCUMENTATION_COMMENTS = YES;
				CLANG_WARN_EMPTY_BODY = YES;
				CLANG_WARN_ENUM_CONVERSION = YES;
				CLANG_WARN_INFINITE_RECURSION = YES;
				CLANG_WARN_INT_CONVERSION = YES;
				CLANG_WARN_NON_LITERAL_NULL_CONVERSION = YES;
				CLANG_WARN_OBJC_IMPLICIT_RETAIN_SELF = YES;
				CLANG_WARN_OBJC_LITERAL_CONVERSION = YES;
				CLANG_WARN_OBJC_ROOT_CLASS = YES_ERROR;
				CLANG_WARN_QUOTED_INCLUDE_IN_FRAMEWORK_HEADER = YES;
				CLANG_WARN_RANGE_LOOP_ANALYSIS = YES;
				CLANG_WARN_STRICT_PROTOTYPES = YES;
				CLANG_WARN_SUSPICIOUS_MOVE = YES;
				CLANG_WARN_UNGUARDED_AVAILABILITY = YES_AGGRESSIVE;
				CLANG_WARN_UNREACHABLE_CODE = YES;
				CLANG_WARN__DUPLICATE_METHOD_MATCH = YES;
				COPY_PHASE_STRIP = NO;
				DEBUG_INFORMATION_FORMAT = "dwarf-with-dsym";
				ENABLE_NS_ASSERTIONS = NO;
				ENABLE_STRICT_OBJC_MSGSEND = YES;
				ENABLE_USER_SCRIPT_SANDBOXING = YES;
				GCC_C_LANGUAGE_STANDARD = gnu17;
				GCC_NO_COMMON_BLOCKS = YES;
				GCC_WARN_64_TO_32_BIT_CONVERSION = YES;
				GCC_WARN_ABOUT_RETURN_TYPE = YES_ERROR;
				GCC_WARN_UNDECLARED_SELECTOR = YES;
				GCC_WARN_UNINITIALIZED_AUTOS = YES_AGGRESSIVE;
				GCC_WARN_UNUSED_FUNCTION = YES;
				GCC_WARN_UNUSED_VARIABLE = YES;
				IPHONEOS_DEPLOYMENT_TARGET = 17.4;
				LOCALIZATION_PREFERS_STRING_CATALOGS = YES;
				MTL_ENABLE_DEBUG_INFO = NO;
				MTL_FAST_MATH = YES;
				SDKROOT = iphoneos;
				SWIFT_COMPILATION_MODE = wholemodule;
				VALIDATE_PRODUCT = YES;
			};
			name = Release;
		};
		786E273D2BACA58700F73394 /* Debug */ = {
			isa = XCBuildConfiguration;
			buildSettings = {
				ASSETCATALOG_COMPILER_APPICON_NAME = AppIcon;
				ASSETCATALOG_COMPILER_GLOBAL_ACCENT_COLOR_NAME = AccentColor;
				CODE_SIGN_STYLE = Automatic;
				CURRENT_PROJECT_VERSION = 1;
				DEVELOPMENT_TEAM = 225S533H7W;
				GENERATE_INFOPLIST_FILE = YES;
				INFOPLIST_KEY_UIApplicationSupportsIndirectInputEvents = YES;
				INFOPLIST_KEY_UILaunchStoryboardName = LaunchScreen;
				INFOPLIST_KEY_UIMainStoryboardFile = Main;
				INFOPLIST_KEY_UIStatusBarHidden = YES;
				INFOPLIST_KEY_UISupportedInterfaceOrientations_iPad = "UIInterfaceOrientationPortrait UIInterfaceOrientationPortraitUpsideDown UIInterfaceOrientationLandscapeLeft UIInterfaceOrientationLandscapeRight";
				INFOPLIST_KEY_UISupportedInterfaceOrientations_iPhone = "UIInterfaceOrientationPortrait UIInterfaceOrientationLandscapeLeft UIInterfaceOrientationLandscapeRight";
				IPHONEOS_DEPLOYMENT_TARGET = 13.0;
				LD_RUNPATH_SEARCH_PATHS = (
					"$(inherited)",
					"@executable_path/Frameworks",
				);
				MARKETING_VERSION = 0.1;
				PRODUCT_BUNDLE_IDENTIFIER = com.haskz.snowTruck;
				PRODUCT_NAME = "$(TARGET_NAME)";
				SWIFT_EMIT_LOC_STRINGS = YES;
				SWIFT_VERSION = 5.0;
				TARGETED_DEVICE_FAMILY = "1,2";
			};
			name = Debug;
		};
		786E273E2BACA58700F73394 /* Release */ = {
			isa = XCBuildConfiguration;
			buildSettings = {
				ASSETCATALOG_COMPILER_APPICON_NAME = AppIcon;
				ASSETCATALOG_COMPILER_GLOBAL_ACCENT_COLOR_NAME = AccentColor;
				CODE_SIGN_STYLE = Automatic;
				CURRENT_PROJECT_VERSION = 1;
				DEVELOPMENT_TEAM = 225S533H7W;
				GENERATE_INFOPLIST_FILE = YES;
				INFOPLIST_KEY_UIApplicationSupportsIndirectInputEvents = YES;
				INFOPLIST_KEY_UILaunchStoryboardName = LaunchScreen;
				INFOPLIST_KEY_UIMainStoryboardFile = Main;
				INFOPLIST_KEY_UIStatusBarHidden = YES;
				INFOPLIST_KEY_UISupportedInterfaceOrientations_iPad = "UIInterfaceOrientationPortrait UIInterfaceOrientationPortraitUpsideDown UIInterfaceOrientationLandscapeLeft UIInterfaceOrientationLandscapeRight";
				INFOPLIST_KEY_UISupportedInterfaceOrientations_iPhone = "UIInterfaceOrientationPortrait UIInterfaceOrientationLandscapeLeft UIInterfaceOrientationLandscapeRight";
				IPHONEOS_DEPLOYMENT_TARGET = 13.0;
				LD_RUNPATH_SEARCH_PATHS = (
					"$(inherited)",
					"@executable_path/Frameworks",
				);
				MARKETING_VERSION = 0.1;
				PRODUCT_BUNDLE_IDENTIFIER = com.haskz.snowTruck;
				PRODUCT_NAME = "$(TARGET_NAME)";
				SWIFT_EMIT_LOC_STRINGS = YES;
				SWIFT_VERSION = 5.0;
				TARGETED_DEVICE_FAMILY = "1,2";
			};
			name = Release;
		};
/* End XCBuildConfiguration section */

/* Begin XCConfigurationList section */
		786E27202BACA58600F73394 /* Build configuration list for PBXProject "snowTruck" */ = {
			isa = XCConfigurationList;
			buildConfigurations = (
				786E273A2BACA58700F73394 /* Debug */,
				786E273B2BACA58700F73394 /* Release */,
			);
			defaultConfigurationIsVisible = 0;
			defaultConfigurationName = Release;
		};
		786E273C2BACA58700F73394 /* Build configuration list for PBXNativeTarget "snowTruck" */ = {
			isa = XCConfigurationList;
			buildConfigurations = (
				786E273D2BACA58700F73394 /* Debug */,
				786E273E2BACA58700F73394 /* Release */,
			);
			defaultConfigurationIsVisible = 0;
			defaultConfigurationName = Release;
		};
/* End XCConfigurationList section */
	};
	rootObject = 786E271D2BACA58600F73394 /* Project object */;
}
