// !$*UTF8*$!
{
	archiveVersion = 1;
	classes = {
	};
	objectVersion = 56;
	objects = {

/* Begin PBXBuildFile section */
		786B7BDC2BB490590064BD6F /* GasNode.swift in Sources */ = {isa = PBXBuildFile; fileRef = 786B7BDB2BB490590064BD6F /* GasNode.swift */; };
		786B7BDF2BB490E30064BD6F /* CoinNode.swift in Sources */ = {isa = PBXBuildFile; fileRef = 786B7BDE2BB490E30064BD6F /* CoinNode.swift */; };
		786B7BE12BB491910064BD6F /* GameController.swift in Sources */ = {isa = PBXBuildFile; fileRef = 786B7BE02BB491910064BD6F /* GameController.swift */; };
		786B7BE92BB72F410064BD6F /* Object.swift in Sources */ = {isa = PBXBuildFile; fileRef = 786B7BE82BB72F410064BD6F /* Object.swift */; };
		786B7BEB2BB737BD0064BD6F /* ItemNode.swift in Sources */ = {isa = PBXBuildFile; fileRef = 786B7BEA2BB737BD0064BD6F /* ItemNode.swift */; };
		786B7BEE2BB7395D0064BD6F /* ObjectFactory.swift in Sources */ = {isa = PBXBuildFile; fileRef = 786B7BED2BB7395D0064BD6F /* ObjectFactory.swift */; };
		786B7BF02BB747ED0064BD6F /* ObjectTypes.swift in Sources */ = {isa = PBXBuildFile; fileRef = 786B7BEF2BB747ED0064BD6F /* ObjectTypes.swift */; };
		786B7BF32BB779D50064BD6F /* ObjectNode.swift in Sources */ = {isa = PBXBuildFile; fileRef = 786B7BF22BB779D50064BD6F /* ObjectNode.swift */; };
		786B7BF62BB8CC960064BD6F /* DistanceNode.swift in Sources */ = {isa = PBXBuildFile; fileRef = 786B7BF52BB8CC960064BD6F /* DistanceNode.swift */; };
		786E27292BACA58600F73394 /* AppDelegate.swift in Sources */ = {isa = PBXBuildFile; fileRef = 786E27282BACA58600F73394 /* AppDelegate.swift */; };
		786E272B2BACA58600F73394 /* GameScene.sks in Resources */ = {isa = PBXBuildFile; fileRef = 786E272A2BACA58600F73394 /* GameScene.sks */; };
		786E272F2BACA58600F73394 /* GameScene.swift in Sources */ = {isa = PBXBuildFile; fileRef = 786E272E2BACA58600F73394 /* GameScene.swift */; };
		786E27312BACA58600F73394 /* GameViewController.swift in Sources */ = {isa = PBXBuildFile; fileRef = 786E27302BACA58600F73394 /* GameViewController.swift */; };
		786E27342BACA58600F73394 /* Base in Resources */ = {isa = PBXBuildFile; fileRef = 786E27332BACA58600F73394 /* Base */; };
		786E27362BACA58700F73394 /* Assets.xcassets in Resources */ = {isa = PBXBuildFile; fileRef = 786E27352BACA58700F73394 /* Assets.xcassets */; };
		786E27392BACA58700F73394 /* Base in Resources */ = {isa = PBXBuildFile; fileRef = 786E27382BACA58700F73394 /* Base */; };
		786E27422BACA6B400F73394 /* TruckNode.swift in Sources */ = {isa = PBXBuildFile; fileRef = 786E27412BACA6B400F73394 /* TruckNode.swift */; };
		786E27442BACBE5F00F73394 /* LandslideNode.swift in Sources */ = {isa = PBXBuildFile; fileRef = 786E27432BACBE5F00F73394 /* LandslideNode.swift */; };
		786E27462BACF5E600F73394 /* PhysicsCategory.swift in Sources */ = {isa = PBXBuildFile; fileRef = 786E27452BACF5E600F73394 /* PhysicsCategory.swift */; };
		786E274D2BADBA9500F73394 /* ButtonNode.swift in Sources */ = {isa = PBXBuildFile; fileRef = 786E274C2BADBA9500F73394 /* ButtonNode.swift */; };
		786E27512BAE13A100F73394 /* HoleNode.swift in Sources */ = {isa = PBXBuildFile; fileRef = 786E27502BAE13A100F73394 /* HoleNode.swift */; };
		788A8F572BBB415B005D2F90 /* SKScene.swift in Sources */ = {isa = PBXBuildFile; fileRef = 788A8F562BBB415B005D2F90 /* SKScene.swift */; };
		788A8F5A2BBB423A005D2F90 /* HapticsService.swift in Sources */ = {isa = PBXBuildFile; fileRef = 788A8F592BBB423A005D2F90 /* HapticsService.swift */; };
		788A8F5C2BBB460A005D2F90 /* GameService.swift in Sources */ = {isa = PBXBuildFile; fileRef = 788A8F5B2BBB460A005D2F90 /* GameService.swift */; };
		788A8F602BBC382D005D2F90 /* FirebaseAnalytics in Frameworks */ = {isa = PBXBuildFile; productRef = 788A8F5F2BBC382D005D2F90 /* FirebaseAnalytics */; };
		788A8F622BBC382D005D2F90 /* FirebaseAnalyticsSwift in Frameworks */ = {isa = PBXBuildFile; productRef = 788A8F612BBC382D005D2F90 /* FirebaseAnalyticsSwift */; };
		788A8F652BBC3874005D2F90 /* FirebaseCrashlytics in Frameworks */ = {isa = PBXBuildFile; productRef = 788A8F642BBC3874005D2F90 /* FirebaseCrashlytics */; };
		788A8F6A2BBC4C08005D2F90 /* GoogleService-Info.plist in Resources */ = {isa = PBXBuildFile; fileRef = 788A8F692BBC4C08005D2F90 /* GoogleService-Info.plist */; };
		788A8F6D2BBC72E1005D2F90 /* MenuViewController.swift in Sources */ = {isa = PBXBuildFile; fileRef = 788A8F6C2BBC72E1005D2F90 /* MenuViewController.swift */; };
		788A8F702BBDC8E1005D2F90 /* GoogleMobileAds in Frameworks */ = {isa = PBXBuildFile; productRef = 788A8F6F2BBDC8E1005D2F90 /* GoogleMobileAds */; };
		788A8F752BBDCAE2005D2F90 /* IntersticialAdView.swift in Sources */ = {isa = PBXBuildFile; fileRef = 788A8F742BBDCAE2005D2F90 /* IntersticialAdView.swift */; };
		788A8F772BBDCDE3005D2F90 /* RewardAdView.swift in Sources */ = {isa = PBXBuildFile; fileRef = 788A8F762BBDCDE3005D2F90 /* RewardAdView.swift */; };
		788A8F792BBDD009005D2F90 /* BannerAdView.swift in Sources */ = {isa = PBXBuildFile; fileRef = 788A8F782BBDD009005D2F90 /* BannerAdView.swift */; };
		78FC159E2BB342D700798BC5 /* LandslideDirection.swift in Sources */ = {isa = PBXBuildFile; fileRef = 78FC159D2BB342D700798BC5 /* LandslideDirection.swift */; };
		78FC15A02BB3484700798BC5 /* ObstacleNode.swift in Sources */ = {isa = PBXBuildFile; fileRef = 78FC159F2BB3484700798BC5 /* ObstacleNode.swift */; };
		78FC15A32BB353D100798BC5 /* MenuScene.sks in Resources */ = {isa = PBXBuildFile; fileRef = 78FC15A22BB353D100798BC5 /* MenuScene.sks */; };
		78FC15A52BB353E100798BC5 /* MenuScene.swift in Sources */ = {isa = PBXBuildFile; fileRef = 78FC15A42BB353E100798BC5 /* MenuScene.swift */; };
		78FC15A82BB35B4A00798BC5 /* PlayerContactDelegate.swift in Sources */ = {isa = PBXBuildFile; fileRef = 78FC15A72BB35B4A00798BC5 /* PlayerContactDelegate.swift */; };
		78FC15AA2BB35B6600798BC5 /* ObjectContactDelegate.swift in Sources */ = {isa = PBXBuildFile; fileRef = 78FC15A92BB35B6600798BC5 /* ObjectContactDelegate.swift */; };
		78FE4BC92BB1EA6F001B84F6 /* BlockNode.swift in Sources */ = {isa = PBXBuildFile; fileRef = 78FE4BC82BB1EA6F001B84F6 /* BlockNode.swift */; };
/* End PBXBuildFile section */

/* Begin PBXFileReference section */
		786B7BDB2BB490590064BD6F /* GasNode.swift */ = {isa = PBXFileReference; lastKnownFileType = sourcecode.swift; path = GasNode.swift; sourceTree = "<group>"; };
		786B7BDE2BB490E30064BD6F /* CoinNode.swift */ = {isa = PBXFileReference; lastKnownFileType = sourcecode.swift; path = CoinNode.swift; sourceTree = "<group>"; };
		786B7BE02BB491910064BD6F /* GameController.swift */ = {isa = PBXFileReference; lastKnownFileType = sourcecode.swift; path = GameController.swift; sourceTree = "<group>"; };
		786B7BE82BB72F410064BD6F /* Object.swift */ = {isa = PBXFileReference; lastKnownFileType = sourcecode.swift; path = Object.swift; sourceTree = "<group>"; };
		786B7BEA2BB737BD0064BD6F /* ItemNode.swift */ = {isa = PBXFileReference; lastKnownFileType = sourcecode.swift; path = ItemNode.swift; sourceTree = "<group>"; };
		786B7BED2BB7395D0064BD6F /* ObjectFactory.swift */ = {isa = PBXFileReference; lastKnownFileType = sourcecode.swift; path = ObjectFactory.swift; sourceTree = "<group>"; };
		786B7BEF2BB747ED0064BD6F /* ObjectTypes.swift */ = {isa = PBXFileReference; lastKnownFileType = sourcecode.swift; path = ObjectTypes.swift; sourceTree = "<group>"; };
		786B7BF22BB779D50064BD6F /* ObjectNode.swift */ = {isa = PBXFileReference; lastKnownFileType = sourcecode.swift; path = ObjectNode.swift; sourceTree = "<group>"; };
		786B7BF52BB8CC960064BD6F /* DistanceNode.swift */ = {isa = PBXFileReference; lastKnownFileType = sourcecode.swift; path = DistanceNode.swift; sourceTree = "<group>"; };
		786E27252BACA58600F73394 /* snowTruck.app */ = {isa = PBXFileReference; explicitFileType = wrapper.application; includeInIndex = 0; path = snowTruck.app; sourceTree = BUILT_PRODUCTS_DIR; };
		786E27282BACA58600F73394 /* AppDelegate.swift */ = {isa = PBXFileReference; lastKnownFileType = sourcecode.swift; path = AppDelegate.swift; sourceTree = "<group>"; };
		786E272A2BACA58600F73394 /* GameScene.sks */ = {isa = PBXFileReference; lastKnownFileType = file.sks; path = GameScene.sks; sourceTree = "<group>"; };
		786E272E2BACA58600F73394 /* GameScene.swift */ = {isa = PBXFileReference; lastKnownFileType = sourcecode.swift; path = GameScene.swift; sourceTree = "<group>"; };
		786E27302BACA58600F73394 /* GameViewController.swift */ = {isa = PBXFileReference; lastKnownFileType = sourcecode.swift; path = GameViewController.swift; sourceTree = "<group>"; };
		786E27332BACA58600F73394 /* Base */ = {isa = PBXFileReference; lastKnownFileType = file.storyboard; name = Base; path = Base.lproj/Main.storyboard; sourceTree = "<group>"; };
		786E27352BACA58700F73394 /* Assets.xcassets */ = {isa = PBXFileReference; lastKnownFileType = folder.assetcatalog; path = Assets.xcassets; sourceTree = "<group>"; };
		786E27382BACA58700F73394 /* Base */ = {isa = PBXFileReference; lastKnownFileType = file.storyboard; name = Base; path = Base.lproj/LaunchScreen.storyboard; sourceTree = "<group>"; };
		786E27412BACA6B400F73394 /* TruckNode.swift */ = {isa = PBXFileReference; lastKnownFileType = sourcecode.swift; path = TruckNode.swift; sourceTree = "<group>"; };
		786E27432BACBE5F00F73394 /* LandslideNode.swift */ = {isa = PBXFileReference; lastKnownFileType = sourcecode.swift; path = LandslideNode.swift; sourceTree = "<group>"; };
		786E27452BACF5E600F73394 /* PhysicsCategory.swift */ = {isa = PBXFileReference; lastKnownFileType = sourcecode.swift; path = PhysicsCategory.swift; sourceTree = "<group>"; };
		786E274C2BADBA9500F73394 /* ButtonNode.swift */ = {isa = PBXFileReference; lastKnownFileType = sourcecode.swift; path = ButtonNode.swift; sourceTree = "<group>"; };
		786E27502BAE13A100F73394 /* HoleNode.swift */ = {isa = PBXFileReference; lastKnownFileType = sourcecode.swift; path = HoleNode.swift; sourceTree = "<group>"; };
		788A8F562BBB415B005D2F90 /* SKScene.swift */ = {isa = PBXFileReference; lastKnownFileType = sourcecode.swift; path = SKScene.swift; sourceTree = "<group>"; };
		788A8F592BBB423A005D2F90 /* HapticsService.swift */ = {isa = PBXFileReference; lastKnownFileType = sourcecode.swift; path = HapticsService.swift; sourceTree = "<group>"; };
		788A8F5B2BBB460A005D2F90 /* GameService.swift */ = {isa = PBXFileReference; lastKnownFileType = sourcecode.swift; path = GameService.swift; sourceTree = "<group>"; };
		788A8F5D2BBB4E27005D2F90 /* snowTruck.entitlements */ = {isa = PBXFileReference; lastKnownFileType = text.plist.entitlements; path = snowTruck.entitlements; sourceTree = "<group>"; };
		788A8F692BBC4C08005D2F90 /* GoogleService-Info.plist */ = {isa = PBXFileReference; fileEncoding = 4; lastKnownFileType = text.plist.xml; path = "GoogleService-Info.plist"; sourceTree = "<group>"; };
		788A8F6C2BBC72E1005D2F90 /* MenuViewController.swift */ = {isa = PBXFileReference; lastKnownFileType = sourcecode.swift; path = MenuViewController.swift; sourceTree = "<group>"; };
		788A8F712BBDC969005D2F90 /* Info.plist */ = {isa = PBXFileReference; lastKnownFileType = text.plist; path = Info.plist; sourceTree = "<group>"; };
		788A8F742BBDCAE2005D2F90 /* IntersticialAdView.swift */ = {isa = PBXFileReference; fileEncoding = 4; lastKnownFileType = sourcecode.swift; path = IntersticialAdView.swift; sourceTree = "<group>"; };
		788A8F762BBDCDE3005D2F90 /* RewardAdView.swift */ = {isa = PBXFileReference; lastKnownFileType = sourcecode.swift; path = RewardAdView.swift; sourceTree = "<group>"; };
		788A8F782BBDD009005D2F90 /* BannerAdView.swift */ = {isa = PBXFileReference; lastKnownFileType = sourcecode.swift; path = BannerAdView.swift; sourceTree = "<group>"; };
		78FC159D2BB342D700798BC5 /* LandslideDirection.swift */ = {isa = PBXFileReference; lastKnownFileType = sourcecode.swift; path = LandslideDirection.swift; sourceTree = "<group>"; };
		78FC159F2BB3484700798BC5 /* ObstacleNode.swift */ = {isa = PBXFileReference; lastKnownFileType = sourcecode.swift; path = ObstacleNode.swift; sourceTree = "<group>"; };
		78FC15A22BB353D100798BC5 /* MenuScene.sks */ = {isa = PBXFileReference; lastKnownFileType = file.sks; path = MenuScene.sks; sourceTree = "<group>"; };
		78FC15A42BB353E100798BC5 /* MenuScene.swift */ = {isa = PBXFileReference; lastKnownFileType = sourcecode.swift; path = MenuScene.swift; sourceTree = "<group>"; };
		78FC15A72BB35B4A00798BC5 /* PlayerContactDelegate.swift */ = {isa = PBXFileReference; lastKnownFileType = sourcecode.swift; path = PlayerContactDelegate.swift; sourceTree = "<group>"; };
		78FC15A92BB35B6600798BC5 /* ObjectContactDelegate.swift */ = {isa = PBXFileReference; lastKnownFileType = sourcecode.swift; path = ObjectContactDelegate.swift; sourceTree = "<group>"; };
		78FE4BC82BB1EA6F001B84F6 /* BlockNode.swift */ = {isa = PBXFileReference; lastKnownFileType = sourcecode.swift; path = BlockNode.swift; sourceTree = "<group>"; };
/* End PBXFileReference section */

/* Begin PBXFrameworksBuildPhase section */
		786E27222BACA58600F73394 /* Frameworks */ = {
			isa = PBXFrameworksBuildPhase;
			buildActionMask = 2147483647;
			files = (
				788A8F702BBDC8E1005D2F90 /* GoogleMobileAds in Frameworks */,
				788A8F652BBC3874005D2F90 /* FirebaseCrashlytics in Frameworks */,
				788A8F622BBC382D005D2F90 /* FirebaseAnalyticsSwift in Frameworks */,
				788A8F602BBC382D005D2F90 /* FirebaseAnalytics in Frameworks */,
			);
			runOnlyForDeploymentPostprocessing = 0;
		};
/* End PBXFrameworksBuildPhase section */

/* Begin PBXGroup section */
		786B7BDD2BB4905F0064BD6F /* Items */ = {
			isa = PBXGroup;
			children = (
				786B7BEA2BB737BD0064BD6F /* ItemNode.swift */,
				786B7BDB2BB490590064BD6F /* GasNode.swift */,
				786B7BDE2BB490E30064BD6F /* CoinNode.swift */,
			);
			path = Items;
			sourceTree = "<group>";
		};
		786B7BEC2BB7393A0064BD6F /* Enums */ = {
			isa = PBXGroup;
			children = (
				786E27452BACF5E600F73394 /* PhysicsCategory.swift */,
				786B7BEF2BB747ED0064BD6F /* ObjectTypes.swift */,
				78FC159D2BB342D700798BC5 /* LandslideDirection.swift */,
			);
			path = Enums;
			sourceTree = "<group>";
		};
		786B7BF12BB776E30064BD6F /* Delegates */ = {
			isa = PBXGroup;
			children = (
				78FC15A72BB35B4A00798BC5 /* PlayerContactDelegate.swift */,
				78FC15A92BB35B6600798BC5 /* ObjectContactDelegate.swift */,
			);
			path = Delegates;
			sourceTree = "<group>";
		};
		786E271C2BACA58600F73394 = {
			isa = PBXGroup;
			children = (
				786E27272BACA58600F73394 /* snowTruck */,
				786E27262BACA58600F73394 /* Products */,
				788A8F632BBC3874005D2F90 /* Frameworks */,
			);
			sourceTree = "<group>";
		};
		786E27262BACA58600F73394 /* Products */ = {
			isa = PBXGroup;
			children = (
				786E27252BACA58600F73394 /* snowTruck.app */,
			);
			name = Products;
			sourceTree = "<group>";
		};
		786E27272BACA58600F73394 /* snowTruck */ = {
			isa = PBXGroup;
			children = (
				788A8F712BBDC969005D2F90 /* Info.plist */,
				788A8F5D2BBB4E27005D2F90 /* snowTruck.entitlements */,
				788A8F692BBC4C08005D2F90 /* GoogleService-Info.plist */,
				78FC159B2BB33D2300798BC5 /* App */,
				78FC15A62BB35B3800798BC5 /* Protocols */,
				786E27402BACA5F100F73394 /* Model */,
				788A8F6B2BBC728C005D2F90 /* ViewController */,
				788A8F722BBDCAC6005D2F90 /* Views */,
				786E273F2BACA5E800F73394 /* SceneController */,
				788A8F582BBB4215005D2F90 /* Services */,
				788A8F552BBB4139005D2F90 /* Utils */,
				78FC159C2BB33D4F00798BC5 /* Scene */,
				786E27352BACA58700F73394 /* Assets.xcassets */,
			);
			path = snowTruck;
			sourceTree = "<group>";
		};
		786E273F2BACA5E800F73394 /* SceneController */ = {
			isa = PBXGroup;
			children = (
				786E272E2BACA58600F73394 /* GameScene.swift */,
				78FC15A42BB353E100798BC5 /* MenuScene.swift */,
			);
			path = SceneController;
			sourceTree = "<group>";
		};
		786E27402BACA5F100F73394 /* Model */ = {
			isa = PBXGroup;
			children = (
				786B7BEC2BB7393A0064BD6F /* Enums */,
				786E27472BACF5EC00F73394 /* Nodes */,
				786B7BED2BB7395D0064BD6F /* ObjectFactory.swift */,
				786B7BE02BB491910064BD6F /* GameController.swift */,
			);
			path = Model;
			sourceTree = "<group>";
		};
		786E27472BACF5EC00F73394 /* Nodes */ = {
			isa = PBXGroup;
			children = (
				786E274C2BADBA9500F73394 /* ButtonNode.swift */,
				786B7BF52BB8CC960064BD6F /* DistanceNode.swift */,
				786E27412BACA6B400F73394 /* TruckNode.swift */,
				786E27432BACBE5F00F73394 /* LandslideNode.swift */,
				786B7BF22BB779D50064BD6F /* ObjectNode.swift */,
				78FC15A12BB34E1600798BC5 /* Obstacle */,
				786B7BDD2BB4905F0064BD6F /* Items */,
			);
			path = Nodes;
			sourceTree = "<group>";
		};
		788A8F552BBB4139005D2F90 /* Utils */ = {
			isa = PBXGroup;
			children = (
				788A8F562BBB415B005D2F90 /* SKScene.swift */,
			);
			path = Utils;
			sourceTree = "<group>";
		};
		788A8F582BBB4215005D2F90 /* Services */ = {
			isa = PBXGroup;
			children = (
				788A8F592BBB423A005D2F90 /* HapticsService.swift */,
				788A8F5B2BBB460A005D2F90 /* GameService.swift */,
			);
			path = Services;
			sourceTree = "<group>";
		};
		788A8F632BBC3874005D2F90 /* Frameworks */ = {
			isa = PBXGroup;
			children = (
			);
			name = Frameworks;
			sourceTree = "<group>";
		};
		788A8F6B2BBC728C005D2F90 /* ViewController */ = {
			isa = PBXGroup;
			children = (
				786E27302BACA58600F73394 /* GameViewController.swift */,
				788A8F6C2BBC72E1005D2F90 /* MenuViewController.swift */,
			);
			path = ViewController;
			sourceTree = "<group>";
		};
		788A8F722BBDCAC6005D2F90 /* Views */ = {
			isa = PBXGroup;
			children = (
				788A8F732BBDCACF005D2F90 /* AdsViews */,
			);
			path = Views;
			sourceTree = "<group>";
		};
		788A8F732BBDCACF005D2F90 /* AdsViews */ = {
			isa = PBXGroup;
			children = (
				788A8F742BBDCAE2005D2F90 /* IntersticialAdView.swift */,
				788A8F762BBDCDE3005D2F90 /* RewardAdView.swift */,
				788A8F782BBDD009005D2F90 /* BannerAdView.swift */,
			);
			path = AdsViews;
			sourceTree = "<group>";
		};
		78FC159B2BB33D2300798BC5 /* App */ = {
			isa = PBXGroup;
			children = (
				786E27372BACA58700F73394 /* LaunchScreen.storyboard */,
				786E27322BACA58600F73394 /* Main.storyboard */,
				786E27282BACA58600F73394 /* AppDelegate.swift */,
			);
			path = App;
			sourceTree = "<group>";
		};
		78FC159C2BB33D4F00798BC5 /* Scene */ = {
			isa = PBXGroup;
			children = (
				786E272A2BACA58600F73394 /* GameScene.sks */,
				78FC15A22BB353D100798BC5 /* MenuScene.sks */,
			);
			path = Scene;
			sourceTree = "<group>";
		};
		78FC15A12BB34E1600798BC5 /* Obstacle */ = {
			isa = PBXGroup;
			children = (
				78FC159F2BB3484700798BC5 /* ObstacleNode.swift */,
				78FE4BC82BB1EA6F001B84F6 /* BlockNode.swift */,
				786E27502BAE13A100F73394 /* HoleNode.swift */,
			);
			path = Obstacle;
			sourceTree = "<group>";
		};
		78FC15A62BB35B3800798BC5 /* Protocols */ = {
			isa = PBXGroup;
			children = (
				786B7BE82BB72F410064BD6F /* Object.swift */,
				786B7BF12BB776E30064BD6F /* Delegates */,
			);
			path = Protocols;
			sourceTree = "<group>";
		};
/* End PBXGroup section */

/* Begin PBXNativeTarget section */
		786E27242BACA58600F73394 /* snowTruck */ = {
			isa = PBXNativeTarget;
			buildConfigurationList = 786E273C2BACA58700F73394 /* Build configuration list for PBXNativeTarget "snowTruck" */;
			buildPhases = (
				786E27212BACA58600F73394 /* Sources */,
				786E27222BACA58600F73394 /* Frameworks */,
				786E27232BACA58600F73394 /* Resources */,
				788A8F682BBC4605005D2F90 /* ShellScript */,
			);
			buildRules = (
			);
			dependencies = (
			);
			name = snowTruck;
			packageProductDependencies = (
				788A8F5F2BBC382D005D2F90 /* FirebaseAnalytics */,
				788A8F612BBC382D005D2F90 /* FirebaseAnalyticsSwift */,
				788A8F642BBC3874005D2F90 /* FirebaseCrashlytics */,
				788A8F6F2BBDC8E1005D2F90 /* GoogleMobileAds */,
			);
			productName = snowTruck;
			productReference = 786E27252BACA58600F73394 /* snowTruck.app */;
			productType = "com.apple.product-type.application";
		};
/* End PBXNativeTarget section */

/* Begin PBXProject section */
		786E271D2BACA58600F73394 /* Project object */ = {
			isa = PBXProject;
			attributes = {
				BuildIndependentTargetsInParallel = 1;
				LastSwiftUpdateCheck = 1530;
				LastUpgradeCheck = 1530;
				TargetAttributes = {
					786E27242BACA58600F73394 = {
						CreatedOnToolsVersion = 15.3;
					};
				};
			};
			buildConfigurationList = 786E27202BACA58600F73394 /* Build configuration list for PBXProject "snowTruck" */;
			compatibilityVersion = "Xcode 14.0";
			developmentRegion = en;
			hasScannedForEncodings = 0;
			knownRegions = (
				en,
				Base,
			);
			mainGroup = 786E271C2BACA58600F73394;
			packageReferences = (
				788A8F5E2BBC382D005D2F90 /* XCRemoteSwiftPackageReference "firebase-ios-sdk" */,
				788A8F6E2BBDC8E1005D2F90 /* XCRemoteSwiftPackageReference "swift-package-manager-google-mobile-ads" */,
			);
			productRefGroup = 786E27262BACA58600F73394 /* Products */;
			projectDirPath = "";
			projectRoot = "";
			targets = (
				786E27242BACA58600F73394 /* snowTruck */,
			);
		};
/* End PBXProject section */

/* Begin PBXResourcesBuildPhase section */
		786E27232BACA58600F73394 /* Resources */ = {
			isa = PBXResourcesBuildPhase;
			buildActionMask = 2147483647;
			files = (
				786E272B2BACA58600F73394 /* GameScene.sks in Resources */,
				786E27342BACA58600F73394 /* Base in Resources */,
				786E27362BACA58700F73394 /* Assets.xcassets in Resources */,
				78FC15A32BB353D100798BC5 /* MenuScene.sks in Resources */,
				786E27392BACA58700F73394 /* Base in Resources */,
				788A8F6A2BBC4C08005D2F90 /* GoogleService-Info.plist in Resources */,
			);
			runOnlyForDeploymentPostprocessing = 0;
		};
/* End PBXResourcesBuildPhase section */

/* Begin PBXShellScriptBuildPhase section */
		788A8F682BBC4605005D2F90 /* ShellScript */ = {
			isa = PBXShellScriptBuildPhase;
			buildActionMask = 2147483647;
			files = (
			);
			inputFileListPaths = (
			);
			inputPaths = (
				"${DWARF_DSYM_FOLDER_PATH}/${DWARF_DSYM_FILE_NAME}",
				"${DWARF_DSYM_FOLDER_PATH}/${DWARF_DSYM_FILE_NAME}/Contents/Resources/DWARF/${PRODUCT_NAME}",
				"${DWARF_DSYM_FOLDER_PATH}/${DWARF_DSYM_FILE_NAME}/Contents/Info.plist",
				"$(TARGET_BUILD_DIR)/$(UNLOCALIZED_RESOURCES_FOLDER_PATH)/GoogleService-Info.plist",
				"$(TARGET_BUILD_DIR)/$(EXECUTABLE_PATH)",
			);
			outputFileListPaths = (
			);
			outputPaths = (
			);
			runOnlyForDeploymentPostprocessing = 0;
			shellPath = /bin/sh;
			shellScript = "# Type a script or drag a script file from your workspace to insert its path.\n${BUILD_DIR%Build/*}/SourcePackages/checkouts/firebase-ios-sdk/Crashlytics/run\n";
		};
/* End PBXShellScriptBuildPhase section */

/* Begin PBXSourcesBuildPhase section */
		786E27212BACA58600F73394 /* Sources */ = {
			isa = PBXSourcesBuildPhase;
			buildActionMask = 2147483647;
			files = (
				786B7BF32BB779D50064BD6F /* ObjectNode.swift in Sources */,
				788A8F772BBDCDE3005D2F90 /* RewardAdView.swift in Sources */,
				786E27442BACBE5F00F73394 /* LandslideNode.swift in Sources */,
				788A8F5C2BBB460A005D2F90 /* GameService.swift in Sources */,
				78FE4BC92BB1EA6F001B84F6 /* BlockNode.swift in Sources */,
				78FC159E2BB342D700798BC5 /* LandslideDirection.swift in Sources */,
				786E272F2BACA58600F73394 /* GameScene.swift in Sources */,
				786E27422BACA6B400F73394 /* TruckNode.swift in Sources */,
				786E27462BACF5E600F73394 /* PhysicsCategory.swift in Sources */,
				78FC15AA2BB35B6600798BC5 /* ObjectContactDelegate.swift in Sources */,
				78FC15A52BB353E100798BC5 /* MenuScene.swift in Sources */,
				786B7BEB2BB737BD0064BD6F /* ItemNode.swift in Sources */,
				786E274D2BADBA9500F73394 /* ButtonNode.swift in Sources */,
				788A8F5A2BBB423A005D2F90 /* HapticsService.swift in Sources */,
				786B7BF02BB747ED0064BD6F /* ObjectTypes.swift in Sources */,
				788A8F572BBB415B005D2F90 /* SKScene.swift in Sources */,
				78FC15A02BB3484700798BC5 /* ObstacleNode.swift in Sources */,
				786B7BF62BB8CC960064BD6F /* DistanceNode.swift in Sources */,
				786B7BEE2BB7395D0064BD6F /* ObjectFactory.swift in Sources */,
				788A8F752BBDCAE2005D2F90 /* IntersticialAdView.swift in Sources */,
				786B7BE92BB72F410064BD6F /* Object.swift in Sources */,
				788A8F792BBDD009005D2F90 /* BannerAdView.swift in Sources */,
				78FC15A82BB35B4A00798BC5 /* PlayerContactDelegate.swift in Sources */,
				786E27312BACA58600F73394 /* GameViewController.swift in Sources */,
				786E27292BACA58600F73394 /* AppDelegate.swift in Sources */,
				788A8F6D2BBC72E1005D2F90 /* MenuViewController.swift in Sources */,
				786E27512BAE13A100F73394 /* HoleNode.swift in Sources */,
				786B7BDC2BB490590064BD6F /* GasNode.swift in Sources */,
				786B7BE12BB491910064BD6F /* GameController.swift in Sources */,
				786B7BDF2BB490E30064BD6F /* CoinNode.swift in Sources */,
			);
			runOnlyForDeploymentPostprocessing = 0;
		};
/* End PBXSourcesBuildPhase section */

/* Begin PBXVariantGroup section */
		786E27322BACA58600F73394 /* Main.storyboard */ = {
			isa = PBXVariantGroup;
			children = (
				786E27332BACA58600F73394 /* Base */,
			);
			name = Main.storyboard;
			sourceTree = "<group>";
		};
		786E27372BACA58700F73394 /* LaunchScreen.storyboard */ = {
			isa = PBXVariantGroup;
			children = (
				786E27382BACA58700F73394 /* Base */,
			);
			name = LaunchScreen.storyboard;
			sourceTree = "<group>";
		};
/* End PBXVariantGroup section */

/* Begin XCBuildConfiguration section */
		786E273A2BACA58700F73394 /* Debug */ = {
			isa = XCBuildConfiguration;
			buildSettings = {
				ALWAYS_SEARCH_USER_PATHS = NO;
				ASSETCATALOG_COMPILER_GENERATE_SWIFT_ASSET_SYMBOL_EXTENSIONS = YES;
				CLANG_ANALYZER_NONNULL = YES;
				CLANG_ANALYZER_NUMBER_OBJECT_CONVERSION = YES_AGGRESSIVE;
				CLANG_CXX_LANGUAGE_STANDARD = "gnu++20";
				CLANG_ENABLE_MODULES = YES;
				CLANG_ENABLE_OBJC_ARC = YES;
				CLANG_ENABLE_OBJC_WEAK = YES;
				CLANG_WARN_BLOCK_CAPTURE_AUTORELEASING = YES;
				CLANG_WARN_BOOL_CONVERSION = YES;
				CLANG_WARN_COMMA = YES;
				CLANG_WARN_CONSTANT_CONVERSION = YES;
				CLANG_WARN_DEPRECATED_OBJC_IMPLEMENTATIONS = YES;
				CLANG_WARN_DIRECT_OBJC_ISA_USAGE = YES_ERROR;
				CLANG_WARN_DOCUMENTATION_COMMENTS = YES;
				CLANG_WARN_EMPTY_BODY = YES;
				CLANG_WARN_ENUM_CONVERSION = YES;
				CLANG_WARN_INFINITE_RECURSION = YES;
				CLANG_WARN_INT_CONVERSION = YES;
				CLANG_WARN_NON_LITERAL_NULL_CONVERSION = YES;
				CLANG_WARN_OBJC_IMPLICIT_RETAIN_SELF = YES;
				CLANG_WARN_OBJC_LITERAL_CONVERSION = YES;
				CLANG_WARN_OBJC_ROOT_CLASS = YES_ERROR;
				CLANG_WARN_QUOTED_INCLUDE_IN_FRAMEWORK_HEADER = YES;
				CLANG_WARN_RANGE_LOOP_ANALYSIS = YES;
				CLANG_WARN_STRICT_PROTOTYPES = YES;
				CLANG_WARN_SUSPICIOUS_MOVE = YES;
				CLANG_WARN_UNGUARDED_AVAILABILITY = YES_AGGRESSIVE;
				CLANG_WARN_UNREACHABLE_CODE = YES;
				CLANG_WARN__DUPLICATE_METHOD_MATCH = YES;
				COPY_PHASE_STRIP = NO;
				DEBUG_INFORMATION_FORMAT = dwarf;
				ENABLE_STRICT_OBJC_MSGSEND = YES;
				ENABLE_TESTABILITY = YES;
				ENABLE_USER_SCRIPT_SANDBOXING = YES;
				GCC_C_LANGUAGE_STANDARD = gnu17;
				GCC_DYNAMIC_NO_PIC = NO;
				GCC_NO_COMMON_BLOCKS = YES;
				GCC_OPTIMIZATION_LEVEL = 0;
				GCC_PREPROCESSOR_DEFINITIONS = (
					"DEBUG=1",
					"$(inherited)",
				);
				GCC_WARN_64_TO_32_BIT_CONVERSION = YES;
				GCC_WARN_ABOUT_RETURN_TYPE = YES_ERROR;
				GCC_WARN_UNDECLARED_SELECTOR = YES;
				GCC_WARN_UNINITIALIZED_AUTOS = YES_AGGRESSIVE;
				GCC_WARN_UNUSED_FUNCTION = YES;
				GCC_WARN_UNUSED_VARIABLE = YES;
				IPHONEOS_DEPLOYMENT_TARGET = 17.4;
				LOCALIZATION_PREFERS_STRING_CATALOGS = YES;
				MTL_ENABLE_DEBUG_INFO = INCLUDE_SOURCE;
				MTL_FAST_MATH = YES;
				ONLY_ACTIVE_ARCH = YES;
				SDKROOT = iphoneos;
				SWIFT_ACTIVE_COMPILATION_CONDITIONS = "DEBUG $(inherited)";
				SWIFT_OPTIMIZATION_LEVEL = "-Onone";
			};
			name = Debug;
		};
		786E273B2BACA58700F73394 /* Release */ = {
			isa = XCBuildConfiguration;
			buildSettings = {
				ALWAYS_SEARCH_USER_PATHS = NO;
				ASSETCATALOG_COMPILER_GENERATE_SWIFT_ASSET_SYMBOL_EXTENSIONS = YES;
				CLANG_ANALYZER_NONNULL = YES;
				CLANG_ANALYZER_NUMBER_OBJECT_CONVERSION = YES_AGGRESSIVE;
				CLANG_CXX_LANGUAGE_STANDARD = "gnu++20";
				CLANG_ENABLE_MODULES = YES;
				CLANG_ENABLE_OBJC_ARC = YES;
				CLANG_ENABLE_OBJC_WEAK = YES;
				CLANG_WARN_BLOCK_CAPTURE_AUTORELEASING = YES;
				CLANG_WARN_BOOL_CONVERSION = YES;
				CLANG_WARN_COMMA = YES;
				CLANG_WARN_CONSTANT_CONVERSION = YES;
				CLANG_WARN_DEPRECATED_OBJC_IMPLEMENTATIONS = YES;
				CLANG_WARN_DIRECT_OBJC_ISA_USAGE = YES_ERROR;
				CLANG_WARN_DOCUMENTATION_COMMENTS = YES;
				CLANG_WARN_EMPTY_BODY = YES;
				CLANG_WARN_ENUM_CONVERSION = YES;
				CLANG_WARN_INFINITE_RECURSION = YES;
				CLANG_WARN_INT_CONVERSION = YES;
				CLANG_WARN_NON_LITERAL_NULL_CONVERSION = YES;
				CLANG_WARN_OBJC_IMPLICIT_RETAIN_SELF = YES;
				CLANG_WARN_OBJC_LITERAL_CONVERSION = YES;
				CLANG_WARN_OBJC_ROOT_CLASS = YES_ERROR;
				CLANG_WARN_QUOTED_INCLUDE_IN_FRAMEWORK_HEADER = YES;
				CLANG_WARN_RANGE_LOOP_ANALYSIS = YES;
				CLANG_WARN_STRICT_PROTOTYPES = YES;
				CLANG_WARN_SUSPICIOUS_MOVE = YES;
				CLANG_WARN_UNGUARDED_AVAILABILITY = YES_AGGRESSIVE;
				CLANG_WARN_UNREACHABLE_CODE = YES;
				CLANG_WARN__DUPLICATE_METHOD_MATCH = YES;
				COPY_PHASE_STRIP = NO;
				DEBUG_INFORMATION_FORMAT = "dwarf-with-dsym";
				ENABLE_NS_ASSERTIONS = NO;
				ENABLE_STRICT_OBJC_MSGSEND = YES;
				ENABLE_USER_SCRIPT_SANDBOXING = YES;
				GCC_C_LANGUAGE_STANDARD = gnu17;
				GCC_NO_COMMON_BLOCKS = YES;
				GCC_WARN_64_TO_32_BIT_CONVERSION = YES;
				GCC_WARN_ABOUT_RETURN_TYPE = YES_ERROR;
				GCC_WARN_UNDECLARED_SELECTOR = YES;
				GCC_WARN_UNINITIALIZED_AUTOS = YES_AGGRESSIVE;
				GCC_WARN_UNUSED_FUNCTION = YES;
				GCC_WARN_UNUSED_VARIABLE = YES;
				IPHONEOS_DEPLOYMENT_TARGET = 17.4;
				LOCALIZATION_PREFERS_STRING_CATALOGS = YES;
				MTL_ENABLE_DEBUG_INFO = NO;
				MTL_FAST_MATH = YES;
				SDKROOT = iphoneos;
				SWIFT_COMPILATION_MODE = wholemodule;
				VALIDATE_PRODUCT = YES;
			};
			name = Release;
		};
		786E273D2BACA58700F73394 /* Debug */ = {
			isa = XCBuildConfiguration;
			buildSettings = {
				ASSETCATALOG_COMPILER_APPICON_NAME = AppIcon;
				ASSETCATALOG_COMPILER_GLOBAL_ACCENT_COLOR_NAME = AccentColor;
				CODE_SIGN_ENTITLEMENTS = snowTruck/snowTruck.entitlements;
				CODE_SIGN_STYLE = Automatic;
				CURRENT_PROJECT_VERSION = 1;
				DEBUG_INFORMATION_FORMAT = "dwarf-with-dsym";
				DEVELOPMENT_TEAM = 225S533H7W;
				GENERATE_INFOPLIST_FILE = YES;
				INFOPLIST_FILE = snowTruck/Info.plist;
				INFOPLIST_KEY_UIApplicationSupportsIndirectInputEvents = YES;
				INFOPLIST_KEY_UILaunchStoryboardName = LaunchScreen;
				INFOPLIST_KEY_UIMainStoryboardFile = Main;
				INFOPLIST_KEY_UIStatusBarHidden = YES;
				INFOPLIST_KEY_UISupportedInterfaceOrientations_iPad = "UIInterfaceOrientationPortrait UIInterfaceOrientationPortraitUpsideDown UIInterfaceOrientationLandscapeLeft UIInterfaceOrientationLandscapeRight";
				INFOPLIST_KEY_UISupportedInterfaceOrientations_iPhone = "UIInterfaceOrientationPortrait UIInterfaceOrientationLandscapeLeft UIInterfaceOrientationLandscapeRight";
				IPHONEOS_DEPLOYMENT_TARGET = 14.0;
				LD_RUNPATH_SEARCH_PATHS = (
					"$(inherited)",
					"@executable_path/Frameworks",
				);
				MARKETING_VERSION = 0.2;
				OTHER_LDFLAGS = "-ObjC";
				PRODUCT_BUNDLE_IDENTIFIER = com.haskz.snowTruck;
				PRODUCT_NAME = "$(TARGET_NAME)";
				SUPPORTED_PLATFORMS = "iphoneos iphonesimulator";
				SUPPORTS_MACCATALYST = NO;
				SUPPORTS_MAC_DESIGNED_FOR_IPHONE_IPAD = NO;
				SUPPORTS_XR_DESIGNED_FOR_IPHONE_IPAD = NO;
				SWIFT_EMIT_LOC_STRINGS = YES;
				SWIFT_VERSION = 5.0;
				TARGETED_DEVICE_FAMILY = 1;
			};
			name = Debug;
		};
		786E273E2BACA58700F73394 /* Release */ = {
			isa = XCBuildConfiguration;
			buildSettings = {
				ASSETCATALOG_COMPILER_APPICON_NAME = AppIcon;
				ASSETCATALOG_COMPILER_GLOBAL_ACCENT_COLOR_NAME = AccentColor;
				CODE_SIGN_ENTITLEMENTS = snowTruck/snowTruck.entitlements;
				CODE_SIGN_STYLE = Automatic;
				CURRENT_PROJECT_VERSION = 1;
				DEVELOPMENT_TEAM = 225S533H7W;
				GENERATE_INFOPLIST_FILE = YES;
				INFOPLIST_FILE = snowTruck/Info.plist;
				INFOPLIST_KEY_UIApplicationSupportsIndirectInputEvents = YES;
				INFOPLIST_KEY_UILaunchStoryboardName = LaunchScreen;
				INFOPLIST_KEY_UIMainStoryboardFile = Main;
				INFOPLIST_KEY_UIStatusBarHidden = YES;
				INFOPLIST_KEY_UISupportedInterfaceOrientations_iPad = "UIInterfaceOrientationPortrait UIInterfaceOrientationPortraitUpsideDown UIInterfaceOrientationLandscapeLeft UIInterfaceOrientationLandscapeRight";
				INFOPLIST_KEY_UISupportedInterfaceOrientations_iPhone = "UIInterfaceOrientationPortrait UIInterfaceOrientationLandscapeLeft UIInterfaceOrientationLandscapeRight";
				IPHONEOS_DEPLOYMENT_TARGET = 14.0;
				LD_RUNPATH_SEARCH_PATHS = (
					"$(inherited)",
					"@executable_path/Frameworks",
				);
				MARKETING_VERSION = 0.2;
				OTHER_LDFLAGS = "-ObjC";
				PRODUCT_BUNDLE_IDENTIFIER = com.haskz.snowTruck;
				PRODUCT_NAME = "$(TARGET_NAME)";
				SUPPORTED_PLATFORMS = "iphoneos iphonesimulator";
				SUPPORTS_MACCATALYST = NO;
				SUPPORTS_MAC_DESIGNED_FOR_IPHONE_IPAD = NO;
				SUPPORTS_XR_DESIGNED_FOR_IPHONE_IPAD = NO;
				SWIFT_EMIT_LOC_STRINGS = YES;
				SWIFT_VERSION = 5.0;
				TARGETED_DEVICE_FAMILY = 1;
			};
			name = Release;
		};
/* End XCBuildConfiguration section */

/* Begin XCConfigurationList section */
		786E27202BACA58600F73394 /* Build configuration list for PBXProject "snowTruck" */ = {
			isa = XCConfigurationList;
			buildConfigurations = (
				786E273A2BACA58700F73394 /* Debug */,
				786E273B2BACA58700F73394 /* Release */,
			);
			defaultConfigurationIsVisible = 0;
			defaultConfigurationName = Release;
		};
		786E273C2BACA58700F73394 /* Build configuration list for PBXNativeTarget "snowTruck" */ = {
			isa = XCConfigurationList;
			buildConfigurations = (
				786E273D2BACA58700F73394 /* Debug */,
				786E273E2BACA58700F73394 /* Release */,
			);
			defaultConfigurationIsVisible = 0;
			defaultConfigurationName = Release;
		};
/* End XCConfigurationList section */

/* Begin XCRemoteSwiftPackageReference section */
		788A8F5E2BBC382D005D2F90 /* XCRemoteSwiftPackageReference "firebase-ios-sdk" */ = {
			isa = XCRemoteSwiftPackageReference;
			repositoryURL = "https://github.com/firebase/firebase-ios-sdk.git";
			requirement = {
				kind = upToNextMajorVersion;
				minimumVersion = 10.23.1;
			};
		};
		788A8F6E2BBDC8E1005D2F90 /* XCRemoteSwiftPackageReference "swift-package-manager-google-mobile-ads" */ = {
			isa = XCRemoteSwiftPackageReference;
			repositoryURL = "https://github.com/googleads/swift-package-manager-google-mobile-ads.git";
			requirement = {
				kind = upToNextMajorVersion;
				minimumVersion = 11.2.0;
			};
		};
/* End XCRemoteSwiftPackageReference section */

/* Begin XCSwiftPackageProductDependency section */
		788A8F5F2BBC382D005D2F90 /* FirebaseAnalytics */ = {
			isa = XCSwiftPackageProductDependency;
			package = 788A8F5E2BBC382D005D2F90 /* XCRemoteSwiftPackageReference "firebase-ios-sdk" */;
			productName = FirebaseAnalytics;
		};
		788A8F612BBC382D005D2F90 /* FirebaseAnalyticsSwift */ = {
			isa = XCSwiftPackageProductDependency;
			package = 788A8F5E2BBC382D005D2F90 /* XCRemoteSwiftPackageReference "firebase-ios-sdk" */;
			productName = FirebaseAnalyticsSwift;
		};
		788A8F642BBC3874005D2F90 /* FirebaseCrashlytics */ = {
			isa = XCSwiftPackageProductDependency;
			package = 788A8F5E2BBC382D005D2F90 /* XCRemoteSwiftPackageReference "firebase-ios-sdk" */;
			productName = FirebaseCrashlytics;
		};
		788A8F6F2BBDC8E1005D2F90 /* GoogleMobileAds */ = {
			isa = XCSwiftPackageProductDependency;
			package = 788A8F6E2BBDC8E1005D2F90 /* XCRemoteSwiftPackageReference "swift-package-manager-google-mobile-ads" */;
			productName = GoogleMobileAds;
		};
/* End XCSwiftPackageProductDependency section */
	};
	rootObject = 786E271D2BACA58600F73394 /* Project object */;
}
